
Microsoft Visual Studio Solution File, Format Version 11.00
# Visual Studio 2010
Project("{FAE04EC0-301F-11D3-BF4B-00C04F79EFBC}") = "raven_hello", "raven_hello\raven_hello.csproj", "{A443737A-1ACE-48FF-81E0-3B3A3D014B7D}"
EndProject
Global
	GlobalSection(SolutionConfigurationPlatforms) = preSolution
		Debug|x86 = Debug|x86
		Release|x86 = Release|x86
	EndGlobalSection
	GlobalSection(ProjectConfigurationPlatforms) = postSolution
		{A443737A-1ACE-48FF-81E0-3B3A3D014B7D}.Debug|x86.ActiveCfg = Debug|x86
		{A443737A-1ACE-48FF-81E0-3B3A3D014B7D}.Debug|x86.Build.0 = Debug|x86
		{A443737A-1ACE-48FF-81E0-3B3A3D014B7D}.Release|x86.ActiveCfg = Release|x86
		{A443737A-1ACE-48FF-81E0-3B3A3D014B7D}.Release|x86.Build.0 = Release|x86
	EndGlobalSection
	GlobalSection(SolutionProperties) = preSolution
		HideSolutionNode = FALSE
	EndGlobalSection
EndGlobal
